
Microsoft Visual Studio Solution File, Format Version 12.00
# Visual Studio Version 17
VisualStudioVersion = 17.6.33723.286
MinimumVisualStudioVersion = 10.0.40219.1
Project("{9A19103F-16F7-4668-BE54-9A1E7A4F7556}") = "TeamCraft.API", "TeamCraft\TeamCraft.API.csproj", "{ABEEBDDF-D521-4DA0-B594-95FDA7475A00}"
EndProject
Project("{9A19103F-16F7-4668-BE54-9A1E7A4F7556}") = "TeamCraft.Domain", "TeamCraft.Domain\TeamCraft.Domain.csproj", "{2921371F-B417-4BE8-9967-F2BC267B203E}"
EndProject
Project("{9A19103F-16F7-4668-BE54-9A1E7A4F7556}") = "TeamCraft.Application", "TeamCraft.Application\TeamCraft.Application.csproj", "{C6621C4C-9CE2-4A5B-A0E9-90E653C19783}"
EndProject
Project("{9A19103F-16F7-4668-BE54-9A1E7A4F7556}") = "TeamCraft.Infrastructure", "TeamCraft.Infrastructure\TeamCraft.Infrastructure.csproj", "{210109BC-FD7E-4AD4-B257-49A89BE5EF48}"
EndProject
Project("{9A19103F-16F7-4668-BE54-9A1E7A4F7556}") = "Tests", "Tests\Tests.csproj", "{3FBADEEB-71A3-461B-BA5F-6E8DEA731155}"
	ProjectSection(ProjectDependencies) = postProject
		{2921371F-B417-4BE8-9967-F2BC267B203E} = {2921371F-B417-4BE8-9967-F2BC267B203E}
		{C6621C4C-9CE2-4A5B-A0E9-90E653C19783} = {C6621C4C-9CE2-4A5B-A0E9-90E653C19783}
	EndProjectSection
EndProject
Global
	GlobalSection(SolutionConfigurationPlatforms) = preSolution
		Debug|Any CPU = Debug|Any CPU
		Release|Any CPU = Release|Any CPU
	EndGlobalSection
	GlobalSection(ProjectConfigurationPlatforms) = postSolution
		{ABEEBDDF-D521-4DA0-B594-95FDA7475A00}.Debug|Any CPU.ActiveCfg = Debug|Any CPU
		{ABEEBDDF-D521-4DA0-B594-95FDA7475A00}.Debug|Any CPU.Build.0 = Debug|Any CPU
		{ABEEBDDF-D521-4DA0-B594-95FDA7475A00}.Release|Any CPU.ActiveCfg = Release|Any CPU
		{ABEEBDDF-D521-4DA0-B594-95FDA7475A00}.Release|Any CPU.Build.0 = Release|Any CPU
		{2921371F-B417-4BE8-9967-F2BC267B203E}.Debug|Any CPU.ActiveCfg = Debug|Any CPU
		{2921371F-B417-4BE8-9967-F2BC267B203E}.Debug|Any CPU.Build.0 = Debug|Any CPU
		{2921371F-B417-4BE8-9967-F2BC267B203E}.Release|Any CPU.ActiveCfg = Release|Any CPU
		{2921371F-B417-4BE8-9967-F2BC267B203E}.Release|Any CPU.Build.0 = Release|Any CPU
		{C6621C4C-9CE2-4A5B-A0E9-90E653C19783}.Debug|Any CPU.ActiveCfg = Debug|Any CPU
		{C6621C4C-9CE2-4A5B-A0E9-90E653C19783}.Debug|Any CPU.Build.0 = Debug|Any CPU
		{C6621C4C-9CE2-4A5B-A0E9-90E653C19783}.Release|Any CPU.ActiveCfg = Release|Any CPU
		{C6621C4C-9CE2-4A5B-A0E9-90E653C19783}.Release|Any CPU.Build.0 = Release|Any CPU
		{210109BC-FD7E-4AD4-B257-49A89BE5EF48}.Debug|Any CPU.ActiveCfg = Debug|Any CPU
		{210109BC-FD7E-4AD4-B257-49A89BE5EF48}.Debug|Any CPU.Build.0 = Debug|Any CPU
		{210109BC-FD7E-4AD4-B257-49A89BE5EF48}.Release|Any CPU.ActiveCfg = Release|Any CPU
		{210109BC-FD7E-4AD4-B257-49A89BE5EF48}.Release|Any CPU.Build.0 = Release|Any CPU
		{3FBADEEB-71A3-461B-BA5F-6E8DEA731155}.Debug|Any CPU.ActiveCfg = Debug|Any CPU
		{3FBADEEB-71A3-461B-BA5F-6E8DEA731155}.Debug|Any CPU.Build.0 = Debug|Any CPU
		{3FBADEEB-71A3-461B-BA5F-6E8DEA731155}.Release|Any CPU.ActiveCfg = Release|Any CPU
		{3FBADEEB-71A3-461B-BA5F-6E8DEA731155}.Release|Any CPU.Build.0 = Release|Any CPU
	EndGlobalSection
	GlobalSection(SolutionProperties) = preSolution
		HideSolutionNode = FALSE
	EndGlobalSection
	GlobalSection(ExtensibilityGlobals) = postSolution
		SolutionGuid = {40E582C7-3B68-4062-80E7-77C025C0C57A}
	EndGlobalSection
EndGlobal
